
Microsoft Visual Studio Solution File, Format Version 12.00
# Visual Studio 15
VisualStudioVersion = 15.0.27130.2036
MinimumVisualStudioVersion = 10.0.40219.1
Project("{FAE04EC0-301F-11D3-BF4B-00C04F79EFBC}") = "Client", "Client\Client.csproj", "{8E883CDB-BF4B-4890-BC0C-A690FE2C949B}"
EndProject
Project("{FAE04EC0-301F-11D3-BF4B-00C04F79EFBC}") = "Server", "Server\Server.csproj", "{009F9D39-5C8D-479A-B288-51A66E9EF7AF}"
EndProject
Global
	GlobalSection(SolutionConfigurationPlatforms) = preSolution
		Debug|Any CPU = Debug|Any CPU
		Release|Any CPU = Release|Any CPU
	EndGlobalSection
	GlobalSection(ProjectConfigurationPlatforms) = postSolution
		{8E883CDB-BF4B-4890-BC0C-A690FE2C949B}.Debug|Any CPU.ActiveCfg = Debug|Any CPU
		{8E883CDB-BF4B-4890-BC0C-A690FE2C949B}.Debug|Any CPU.Build.0 = Debug|Any CPU
		{8E883CDB-BF4B-4890-BC0C-A690FE2C949B}.Release|Any CPU.ActiveCfg = Release|Any CPU
		{8E883CDB-BF4B-4890-BC0C-A690FE2C949B}.Release|Any CPU.Build.0 = Release|Any CPU
		{009F9D39-5C8D-479A-B288-51A66E9EF7AF}.Debug|Any CPU.ActiveCfg = Debug|Any CPU
		{009F9D39-5C8D-479A-B288-51A66E9EF7AF}.Debug|Any CPU.Build.0 = Debug|Any CPU
		{009F9D39-5C8D-479A-B288-51A66E9EF7AF}.Release|Any CPU.ActiveCfg = Release|Any CPU
		{009F9D39-5C8D-479A-B288-51A66E9EF7AF}.Release|Any CPU.Build.0 = Release|Any CPU
	EndGlobalSection
	GlobalSection(SolutionProperties) = preSolution
		HideSolutionNode = FALSE
	EndGlobalSection
	GlobalSection(ExtensibilityGlobals) = postSolution
		SolutionGuid = {AD9243B8-69A4-4376-AD94-756A0B23ADBA}
	EndGlobalSection
EndGlobal
